
Microsoft Visual Studio Solution File, Format Version 12.00
# Visual Studio Version 16
VisualStudioVersion = 16.0.29409.12
MinimumVisualStudioVersion = 10.0.40219.1
Project("{FAE04EC0-301F-11D3-BF4B-00C04F79EFBC}") = "Generator", "Generator.csproj", "{203FE97E-A620-47D6-B095-195692806A7E}"
EndProject
Global
	GlobalSection(SolutionConfigurationPlatforms) = preSolution
		Debug|Any CPU = Debug|Any CPU
		Release|Any CPU = Release|Any CPU
	EndGlobalSection
	GlobalSection(ProjectConfigurationPlatforms) = postSolution
		{203FE97E-A620-47D6-B095-195692806A7E}.Debug|Any CPU.ActiveCfg = Debug|Any CPU
		{203FE97E-A620-47D6-B095-195692806A7E}.Debug|Any CPU.Build.0 = Debug|Any CPU
		{203FE97E-A620-47D6-B095-195692806A7E}.Release|Any CPU.ActiveCfg = Release|Any CPU
		{203FE97E-A620-47D6-B095-195692806A7E}.Release|Any CPU.Build.0 = Release|Any CPU
	EndGlobalSection
	GlobalSection(SolutionProperties) = preSolution
		HideSolutionNode = FALSE
	EndGlobalSection
	GlobalSection(ExtensibilityGlobals) = postSolution
		SolutionGuid = {67A79CA6-F8CE-4923-9321-C3D2ED6C8A52}
	EndGlobalSection
EndGlobal
